
Microsoft Visual Studio Solution File, Format Version 12.00
# Visual Studio Version 16
VisualStudioVersion = 16.0.32802.440
MinimumVisualStudioVersion = 10.0.40219.1
Project("{FAE04EC0-301F-11D3-BF4B-00C04F79EFBC}") = "Project_DemEkz", "Project_DemEkz\Project_DemEkz.csproj", "{E4D92BC2-304D-40DD-8860-E457B0303169}"
EndProject
Global
	GlobalSection(SolutionConfigurationPlatforms) = preSolution
		Debug|Any CPU = Debug|Any CPU
		Release|Any CPU = Release|Any CPU
	EndGlobalSection
	GlobalSection(ProjectConfigurationPlatforms) = postSolution
		{E4D92BC2-304D-40DD-8860-E457B0303169}.Debug|Any CPU.ActiveCfg = Debug|Any CPU
		{E4D92BC2-304D-40DD-8860-E457B0303169}.Debug|Any CPU.Build.0 = Debug|Any CPU
		{E4D92BC2-304D-40DD-8860-E457B0303169}.Release|Any CPU.ActiveCfg = Release|Any CPU
		{E4D92BC2-304D-40DD-8860-E457B0303169}.Release|Any CPU.Build.0 = Release|Any CPU
	EndGlobalSection
	GlobalSection(SolutionProperties) = preSolution
		HideSolutionNode = FALSE
	EndGlobalSection
	GlobalSection(ExtensibilityGlobals) = postSolution
		SolutionGuid = {6DCD597C-E2D2-4DD4-9350-51B7D309CCB5}
	EndGlobalSection
EndGlobal
