
Microsoft Visual Studio Solution File, Format Version 12.00
# Visual Studio Version 16
VisualStudioVersion = 16.0.31729.503
MinimumVisualStudioVersion = 10.0.40219.1
Project("{FAE04EC0-301F-11D3-BF4B-00C04F79EFBC}") = "Project07_6", "Project07_6\Project07_6.csproj", "{45E2B203-378E-4D54-8D99-E079B87194EC}"
EndProject
Global
	GlobalSection(SolutionConfigurationPlatforms) = preSolution
		Debug|Any CPU = Debug|Any CPU
		Release|Any CPU = Release|Any CPU
	EndGlobalSection
	GlobalSection(ProjectConfigurationPlatforms) = postSolution
		{45E2B203-378E-4D54-8D99-E079B87194EC}.Debug|Any CPU.ActiveCfg = Debug|Any CPU
		{45E2B203-378E-4D54-8D99-E079B87194EC}.Debug|Any CPU.Build.0 = Debug|Any CPU
		{45E2B203-378E-4D54-8D99-E079B87194EC}.Release|Any CPU.ActiveCfg = Release|Any CPU
		{45E2B203-378E-4D54-8D99-E079B87194EC}.Release|Any CPU.Build.0 = Release|Any CPU
	EndGlobalSection
	GlobalSection(SolutionProperties) = preSolution
		HideSolutionNode = FALSE
	EndGlobalSection
	GlobalSection(ExtensibilityGlobals) = postSolution
		SolutionGuid = {2D68DB9C-87A5-4311-B9FC-6749FA3B3F6E}
	EndGlobalSection
EndGlobal
