
Microsoft Visual Studio Solution File, Format Version 12.00
# Visual Studio Version 16
VisualStudioVersion = 16.0.31729.503
MinimumVisualStudioVersion = 10.0.40219.1
Project("{FAE04EC0-301F-11D3-BF4B-00C04F79EFBC}") = "Project05_v3", "Project05_v3\Project05_v3.csproj", "{F4D36821-7F7F-4C5C-B281-3F56D9812D1C}"
EndProject
Global
	GlobalSection(SolutionConfigurationPlatforms) = preSolution
		Debug|Any CPU = Debug|Any CPU
		Release|Any CPU = Release|Any CPU
	EndGlobalSection
	GlobalSection(ProjectConfigurationPlatforms) = postSolution
		{F4D36821-7F7F-4C5C-B281-3F56D9812D1C}.Debug|Any CPU.ActiveCfg = Debug|Any CPU
		{F4D36821-7F7F-4C5C-B281-3F56D9812D1C}.Debug|Any CPU.Build.0 = Debug|Any CPU
		{F4D36821-7F7F-4C5C-B281-3F56D9812D1C}.Release|Any CPU.ActiveCfg = Release|Any CPU
		{F4D36821-7F7F-4C5C-B281-3F56D9812D1C}.Release|Any CPU.Build.0 = Release|Any CPU
	EndGlobalSection
	GlobalSection(SolutionProperties) = preSolution
		HideSolutionNode = FALSE
	EndGlobalSection
	GlobalSection(ExtensibilityGlobals) = postSolution
		SolutionGuid = {7C34C95B-92FC-47DE-80F5-8FE74CCE4C83}
	EndGlobalSection
EndGlobal
